
Microsoft Visual Studio Solution File, Format Version 12.00
# Visual Studio Version 16
VisualStudioVersion = 16.0.34407.143
MinimumVisualStudioVersion = 10.0.40219.1
Project("{FAE04EC0-301F-11D3-BF4B-00C04F79EFBC}") = "Aboutme", "Aboutme\Aboutme.csproj", "{95B66227-9BA1-4466-8B9F-37653AF5D31D}"
EndProject
Global
	GlobalSection(SolutionConfigurationPlatforms) = preSolution
		Debug|Any CPU = Debug|Any CPU
		Release|Any CPU = Release|Any CPU
	EndGlobalSection
	GlobalSection(ProjectConfigurationPlatforms) = postSolution
		{95B66227-9BA1-4466-8B9F-37653AF5D31D}.Debug|Any CPU.ActiveCfg = Debug|Any CPU
		{95B66227-9BA1-4466-8B9F-37653AF5D31D}.Debug|Any CPU.Build.0 = Debug|Any CPU
		{95B66227-9BA1-4466-8B9F-37653AF5D31D}.Release|Any CPU.ActiveCfg = Release|Any CPU
		{95B66227-9BA1-4466-8B9F-37653AF5D31D}.Release|Any CPU.Build.0 = Release|Any CPU
	EndGlobalSection
	GlobalSection(SolutionProperties) = preSolution
		HideSolutionNode = FALSE
	EndGlobalSection
	GlobalSection(ExtensibilityGlobals) = postSolution
		SolutionGuid = {15C69C3D-EB54-42A5-8503-81AEC4620C94}
	EndGlobalSection
EndGlobal
